cardinality: -1
custom_storage: false
dependencies:
  module:
    - block
    - paragraphs
entity_type: paragraph
field_name: field_block
id: paragraph.field_block
indexes: {}
langcode: en
locked: false
module: core
persist_with_no_fields: false
settings:
  target_type: block
status: true
translatable: true
type: entity_reference
