default_langcode: site_default
dependencies:
  config:
    - paragraphs.paragraphs_type.block
  module:
    - content_translation
id: paragraph.block
langcode: en
language_alterable: true
status: true
target_bundle: block
target_entity_type_id: paragraph
third_party_settings:
  content_translation:
    bundle_settings:
      untranslatable_fields_hide: "0"
    enabled: true
